
Microsoft Visual Studio Solution File, Format Version 12.00
# Visual Studio Version 16
VisualStudioVersion = 16.0.30611.23
MinimumVisualStudioVersion = 10.0.40219.1
Project("{FAE04EC0-301F-11D3-BF4B-00C04F79EFBC}") = "ExerciciLinq_FaseII", "ExerciciLinq_FaseII\ExerciciLinq_FaseII.csproj", "{2392BBF2-67DC-49B2-9E4F-53C0A0E5E558}"
EndProject
Global
	GlobalSection(SolutionConfigurationPlatforms) = preSolution
		Debug|Any CPU = Debug|Any CPU
		Release|Any CPU = Release|Any CPU
	EndGlobalSection
	GlobalSection(ProjectConfigurationPlatforms) = postSolution
		{2392BBF2-67DC-49B2-9E4F-53C0A0E5E558}.Debug|Any CPU.ActiveCfg = Debug|Any CPU
		{2392BBF2-67DC-49B2-9E4F-53C0A0E5E558}.Debug|Any CPU.Build.0 = Debug|Any CPU
		{2392BBF2-67DC-49B2-9E4F-53C0A0E5E558}.Release|Any CPU.ActiveCfg = Release|Any CPU
		{2392BBF2-67DC-49B2-9E4F-53C0A0E5E558}.Release|Any CPU.Build.0 = Release|Any CPU
	EndGlobalSection
	GlobalSection(SolutionProperties) = preSolution
		HideSolutionNode = FALSE
	EndGlobalSection
	GlobalSection(ExtensibilityGlobals) = postSolution
		SolutionGuid = {53B5A0F2-DF91-4564-B9E8-0E4C990FE0E8}
	EndGlobalSection
EndGlobal
